
Microsoft Visual Studio Solution File, Format Version 11.00
# Visual Studio 2010
Project("{FAE04EC0-301F-11D3-BF4B-00C04F79EFBC}") = "forms", "forms\forms.csproj", "{2DC98438-0FC1-4623-8E4A-10D5D41DEB14}"
EndProject
Project("{FAE04EC0-301F-11D3-BF4B-00C04F79EFBC}") = "clases", "clases\clases.csproj", "{6F21733E-0C7C-425E-8690-455EE38E7369}"
EndProject
Project("{FAE04EC0-301F-11D3-BF4B-00C04F79EFBC}") = "datos", "datos\datos.csproj", "{9B3AED2E-41C8-4FEA-9EE5-2C2533C8F3FE}"
EndProject
Global
	GlobalSection(SolutionConfigurationPlatforms) = preSolution
		Debug|Any CPU = Debug|Any CPU
		Debug|Mixed Platforms = Debug|Mixed Platforms
		Debug|x86 = Debug|x86
		Release|Any CPU = Release|Any CPU
		Release|Mixed Platforms = Release|Mixed Platforms
		Release|x86 = Release|x86
	EndGlobalSection
	GlobalSection(ProjectConfigurationPlatforms) = postSolution
		{2DC98438-0FC1-4623-8E4A-10D5D41DEB14}.Debug|Any CPU.ActiveCfg = Debug|x86
		{2DC98438-0FC1-4623-8E4A-10D5D41DEB14}.Debug|Mixed Platforms.ActiveCfg = Debug|x86
		{2DC98438-0FC1-4623-8E4A-10D5D41DEB14}.Debug|Mixed Platforms.Build.0 = Debug|x86
		{2DC98438-0FC1-4623-8E4A-10D5D41DEB14}.Debug|x86.ActiveCfg = Debug|x86
		{2DC98438-0FC1-4623-8E4A-10D5D41DEB14}.Debug|x86.Build.0 = Debug|x86
		{2DC98438-0FC1-4623-8E4A-10D5D41DEB14}.Release|Any CPU.ActiveCfg = Release|x86
		{2DC98438-0FC1-4623-8E4A-10D5D41DEB14}.Release|Mixed Platforms.ActiveCfg = Release|x86
		{2DC98438-0FC1-4623-8E4A-10D5D41DEB14}.Release|Mixed Platforms.Build.0 = Release|x86
		{2DC98438-0FC1-4623-8E4A-10D5D41DEB14}.Release|x86.ActiveCfg = Release|x86
		{2DC98438-0FC1-4623-8E4A-10D5D41DEB14}.Release|x86.Build.0 = Release|x86
		{6F21733E-0C7C-425E-8690-455EE38E7369}.Debug|Any CPU.ActiveCfg = Debug|Any CPU
		{6F21733E-0C7C-425E-8690-455EE38E7369}.Debug|Any CPU.Build.0 = Debug|Any CPU
		{6F21733E-0C7C-425E-8690-455EE38E7369}.Debug|Mixed Platforms.ActiveCfg = Debug|Any CPU
		{6F21733E-0C7C-425E-8690-455EE38E7369}.Debug|Mixed Platforms.Build.0 = Debug|Any CPU
		{6F21733E-0C7C-425E-8690-455EE38E7369}.Debug|x86.ActiveCfg = Debug|Any CPU
		{6F21733E-0C7C-425E-8690-455EE38E7369}.Release|Any CPU.ActiveCfg = Release|Any CPU
		{6F21733E-0C7C-425E-8690-455EE38E7369}.Release|Any CPU.Build.0 = Release|Any CPU
		{6F21733E-0C7C-425E-8690-455EE38E7369}.Release|Mixed Platforms.ActiveCfg = Release|Any CPU
		{6F21733E-0C7C-425E-8690-455EE38E7369}.Release|Mixed Platforms.Build.0 = Release|Any CPU
		{6F21733E-0C7C-425E-8690-455EE38E7369}.Release|x86.ActiveCfg = Release|Any CPU
		{9B3AED2E-41C8-4FEA-9EE5-2C2533C8F3FE}.Debug|Any CPU.ActiveCfg = Debug|Any CPU
		{9B3AED2E-41C8-4FEA-9EE5-2C2533C8F3FE}.Debug|Any CPU.Build.0 = Debug|Any CPU
		{9B3AED2E-41C8-4FEA-9EE5-2C2533C8F3FE}.Debug|Mixed Platforms.ActiveCfg = Debug|Any CPU
		{9B3AED2E-41C8-4FEA-9EE5-2C2533C8F3FE}.Debug|Mixed Platforms.Build.0 = Debug|Any CPU
		{9B3AED2E-41C8-4FEA-9EE5-2C2533C8F3FE}.Debug|x86.ActiveCfg = Debug|Any CPU
		{9B3AED2E-41C8-4FEA-9EE5-2C2533C8F3FE}.Release|Any CPU.ActiveCfg = Release|Any CPU
		{9B3AED2E-41C8-4FEA-9EE5-2C2533C8F3FE}.Release|Any CPU.Build.0 = Release|Any CPU
		{9B3AED2E-41C8-4FEA-9EE5-2C2533C8F3FE}.Release|Mixed Platforms.ActiveCfg = Release|Any CPU
		{9B3AED2E-41C8-4FEA-9EE5-2C2533C8F3FE}.Release|Mixed Platforms.Build.0 = Release|Any CPU
		{9B3AED2E-41C8-4FEA-9EE5-2C2533C8F3FE}.Release|x86.ActiveCfg = Release|Any CPU
	EndGlobalSection
	GlobalSection(SolutionProperties) = preSolution
		HideSolutionNode = FALSE
	EndGlobalSection
EndGlobal
